// !$*UTF8*$!
{
	archiveVersion = 1;
	classes = {
	};
	objectVersion = 77;
	objects = {

/* Begin PBXContainerItemProxy section */
		B67AA2902CEEE3D4007ED5A7 /* PBXContainerItemProxy */ = {
			isa = PBXContainerItemProxy;
			containerPortal = B67AA2762CEEE3D2007ED5A7 /* Project object */;
			proxyType = 1;
			remoteGlobalIDString = B67AA27D2CEEE3D2007ED5A7;
			remoteInfo = Cubstart_Project;
		};
		B67AA29A2CEEE3D4007ED5A7 /* PBXContainerItemProxy */ = {
			isa = PBXContainerItemProxy;
			containerPortal = B67AA2762CEEE3D2007ED5A7 /* Project object */;
			proxyType = 1;
			remoteGlobalIDString = B67AA27D2CEEE3D2007ED5A7;
			remoteInfo = Cubstart_Project;
		};
/* End PBXContainerItemProxy section */

/* Begin PBXFileReference section */
		B67AA27E2CEEE3D2007ED5A7 /* Cubstart_Project.app */ = {isa = PBXFileReference; explicitFileType = wrapper.application; includeInIndex = 0; path = Cubstart_Project.app; sourceTree = BUILT_PRODUCTS_DIR; };
		B67AA28F2CEEE3D4007ED5A7 /* Cubstart_ProjectTests.xctest */ = {isa = PBXFileReference; explicitFileType = wrapper.cfbundle; includeInIndex = 0; path = Cubstart_ProjectTests.xctest; sourceTree = BUILT_PRODUCTS_DIR; };
		B67AA2992CEEE3D4007ED5A7 /* Cubstart_ProjectUITests.xctest */ = {isa = PBXFileReference; explicitFileType = wrapper.cfbundle; includeInIndex = 0; path = Cubstart_ProjectUITests.xctest; sourceTree = BUILT_PRODUCTS_DIR; };
/* End PBXFileReference section */

/* Begin PBXFileSystemSynchronizedRootGroup section */
		B67AA2802CEEE3D2007ED5A7 /* Cubstart_Project */ = {
			isa = PBXFileSystemSynchronizedRootGroup;
			path = Cubstart_Project;
			sourceTree = "<group>";
		};
		B67AA2922CEEE3D4007ED5A7 /* Cubstart_ProjectTests */ = {
			isa = PBXFileSystemSynchronizedRootGroup;
			path = Cubstart_ProjectTests;
			sourceTree = "<group>";
		};
		B67AA29C2CEEE3D4007ED5A7 /* Cubstart_ProjectUITests */ = {
			isa = PBXFileSystemSynchronizedRootGroup;
			path = Cubstart_ProjectUITests;
			sourceTree = "<group>";
		};
/* End PBXFileSystemSynchronizedRootGroup section */

/* Begin PBXFrameworksBuildPhase section */
		B67AA27B2CEEE3D2007ED5A7 /* Frameworks */ = {
			isa = PBXFrameworksBuildPhase;
			buildActionMask = 2147483647;
			files = (
			);
			runOnlyForDeploymentPostprocessing = 0;
		};
		B67AA28C2CEEE3D4007ED5A7 /* Frameworks */ = {
			isa = PBXFrameworksBuildPhase;
			buildActionMask = 2147483647;
			files = (
			);
			runOnlyForDeploymentPostprocessing = 0;
		};
		B67AA2962CEEE3D4007ED5A7 /* Frameworks */ = {
			isa = PBXFrameworksBuildPhase;
			buildActionMask = 2147483647;
			files = (
			);
			runOnlyForDeploymentPostprocessing = 0;
		};
/* End PBXFrameworksBuildPhase section */

/* Begin PBXGroup section */
		B67AA2752CEEE3D2007ED5A7 = {
			isa = PBXGroup;
			children = (
				B67AA2802CEEE3D2007ED5A7 /* Cubstart_Project */,
				B67AA2922CEEE3D4007ED5A7 /* Cubstart_ProjectTests */,
				B67AA29C2CEEE3D4007ED5A7 /* Cubstart_ProjectUITests */,
				B67AA27F2CEEE3D2007ED5A7 /* Products */,
			);
			sourceTree = "<group>";
		};
		B67AA27F2CEEE3D2007ED5A7 /* Products */ = {
			isa = PBXGroup;
			children = (
				B67AA27E2CEEE3D2007ED5A7 /* Cubstart_Project.app */,
				B67AA28F2CEEE3D4007ED5A7 /* Cubstart_ProjectTests.xctest */,
				B67AA2992CEEE3D4007ED5A7 /* Cubstart_ProjectUITests.xctest */,
			);
			name = Products;
			sourceTree = "<group>";
		};
/* End PBXGroup section */

/* Begin PBXNativeTarget section */
		B67AA27D2CEEE3D2007ED5A7 /* Cubstart_Project */ = {
			isa = PBXNativeTarget;
			buildConfigurationList = B67AA2A32CEEE3D4007ED5A7 /* Build configuration list for PBXNativeTarget "Cubstart_Project" */;
			buildPhases = (
				B67AA27A2CEEE3D2007ED5A7 /* Sources */,
				B67AA27B2CEEE3D2007ED5A7 /* Frameworks */,
				B67AA27C2CEEE3D2007ED5A7 /* Resources */,
			);
			buildRules = (
			);
			dependencies = (
			);
			fileSystemSynchronizedGroups = (
				B67AA2802CEEE3D2007ED5A7 /* Cubstart_Project */,
			);
			name = Cubstart_Project;
			packageProductDependencies = (
			);
			productName = Cubstart_Project;
			productReference = B67AA27E2CEEE3D2007ED5A7 /* Cubstart_Project.app */;
			productType = "com.apple.product-type.application";
		};
		B67AA28E2CEEE3D4007ED5A7 /* Cubstart_ProjectTests */ = {
			isa = PBXNativeTarget;
			buildConfigurationList = B67AA2A62CEEE3D4007ED5A7 /* Build configuration list for PBXNativeTarget "Cubstart_ProjectTests" */;
			buildPhases = (
				B67AA28B2CEEE3D4007ED5A7 /* Sources */,
				B67AA28C2CEEE3D4007ED5A7 /* Frameworks */,
				B67AA28D2CEEE3D4007ED5A7 /* Resources */,
			);
			buildRules = (
			);
			dependencies = (
				B67AA2912CEEE3D4007ED5A7 /* PBXTargetDependency */,
			);
			fileSystemSynchronizedGroups = (
				B67AA2922CEEE3D4007ED5A7 /* Cubstart_ProjectTests */,
			);
			name = Cubstart_ProjectTests;
			packageProductDependencies = (
			);
			productName = Cubstart_ProjectTests;
			productReference = B67AA28F2CEEE3D4007ED5A7 /* Cubstart_ProjectTests.xctest */;
			productType = "com.apple.product-type.bundle.unit-test";
		};
		B67AA2982CEEE3D4007ED5A7 /* Cubstart_ProjectUITests */ = {
			isa = PBXNativeTarget;
			buildConfigurationList = B67AA2A92CEEE3D4007ED5A7 /* Build configuration list for PBXNativeTarget "Cubstart_ProjectUITests" */;
			buildPhases = (
				B67AA2952CEEE3D4007ED5A7 /* Sources */,
				B67AA2962CEEE3D4007ED5A7 /* Frameworks */,
				B67AA2972CEEE3D4007ED5A7 /* Resources */,
			);
			buildRules = (
			);
			dependencies = (
				B67AA29B2CEEE3D4007ED5A7 /* PBXTargetDependency */,
			);
			fileSystemSynchronizedGroups = (
				B67AA29C2CEEE3D4007ED5A7 /* Cubstart_ProjectUITests */,
			);
			name = Cubstart_ProjectUITests;
			packageProductDependencies = (
			);
			productName = Cubstart_ProjectUITests;
			productReference = B67AA2992CEEE3D4007ED5A7 /* Cubstart_ProjectUITests.xctest */;
			productType = "com.apple.product-type.bundle.ui-testing";
		};
/* End PBXNativeTarget section */

/* Begin PBXProject section */
		B67AA2762CEEE3D2007ED5A7 /* Project object */ = {
			isa = PBXProject;
			attributes = {
				BuildIndependentTargetsInParallel = 1;
				LastSwiftUpdateCheck = 1610;
				LastUpgradeCheck = 1610;
				TargetAttributes = {
					B67AA27D2CEEE3D2007ED5A7 = {
						CreatedOnToolsVersion = 16.1;
					};
					B67AA28E2CEEE3D4007ED5A7 = {
						CreatedOnToolsVersion = 16.1;
						TestTargetID = B67AA27D2CEEE3D2007ED5A7;
					};
					B67AA2982CEEE3D4007ED5A7 = {
						CreatedOnToolsVersion = 16.1;
						TestTargetID = B67AA27D2CEEE3D2007ED5A7;
					};
				};
			};
			buildConfigurationList = B67AA2792CEEE3D2007ED5A7 /* Build configuration list for PBXProject "Cubstart_Project" */;
			developmentRegion = en;
			hasScannedForEncodings = 0;
			knownRegions = (
				en,
				Base,
			);
			mainGroup = B67AA2752CEEE3D2007ED5A7;
			minimizedProjectReferenceProxies = 1;
			preferredProjectObjectVersion = 77;
			productRefGroup = B67AA27F2CEEE3D2007ED5A7 /* Products */;
			projectDirPath = "";
			projectRoot = "";
			targets = (
				B67AA27D2CEEE3D2007ED5A7 /* Cubstart_Project */,
				B67AA28E2CEEE3D4007ED5A7 /* Cubstart_ProjectTests */,
				B67AA2982CEEE3D4007ED5A7 /* Cubstart_ProjectUITests */,
			);
		};
/* End PBXProject section */

/* Begin PBXResourcesBuildPhase section */
		B67AA27C2CEEE3D2007ED5A7 /* Resources */ = {
			isa = PBXResourcesBuildPhase;
			buildActionMask = 2147483647;
			files = (
			);
			runOnlyForDeploymentPostprocessing = 0;
		};
		B67AA28D2CEEE3D4007ED5A7 /* Resources */ = {
			isa = PBXResourcesBuildPhase;
			buildActionMask = 2147483647;
			files = (
			);
			runOnlyForDeploymentPostprocessing = 0;
		};
		B67AA2972CEEE3D4007ED5A7 /* Resources */ = {
			isa = PBXResourcesBuildPhase;
			buildActionMask = 2147483647;
			files = (
			);
			runOnlyForDeploymentPostprocessing = 0;
		};
/* End PBXResourcesBuildPhase section */

/* Begin PBXSourcesBuildPhase section */
		B67AA27A2CEEE3D2007ED5A7 /* Sources */ = {
			isa = PBXSourcesBuildPhase;
			buildActionMask = 2147483647;
			files = (
			);
			runOnlyForDeploymentPostprocessing = 0;
		};
		B67AA28B2CEEE3D4007ED5A7 /* Sources */ = {
			isa = PBXSourcesBuildPhase;
			buildActionMask = 2147483647;
			files = (
			);
			runOnlyForDeploymentPostprocessing = 0;
		};
		B67AA2952CEEE3D4007ED5A7 /* Sources */ = {
			isa = PBXSourcesBuildPhase;
			buildActionMask = 2147483647;
			files = (
			);
			runOnlyForDeploymentPostprocessing = 0;
		};
/* End PBXSourcesBuildPhase section */

/* Begin PBXTargetDependency section */
		B67AA2912CEEE3D4007ED5A7 /* PBXTargetDependency */ = {
			isa = PBXTargetDependency;
			target = B67AA27D2CEEE3D2007ED5A7 /* Cubstart_Project */;
			targetProxy = B67AA2902CEEE3D4007ED5A7 /* PBXContainerItemProxy */;
		};
		B67AA29B2CEEE3D4007ED5A7 /* PBXTargetDependency */ = {
			isa = PBXTargetDependency;
			target = B67AA27D2CEEE3D2007ED5A7 /* Cubstart_Project */;
			targetProxy = B67AA29A2CEEE3D4007ED5A7 /* PBXContainerItemProxy */;
		};
/* End PBXTargetDependency section */

/* Begin XCBuildConfiguration section */
		B67AA2A12CEEE3D4007ED5A7 /* Debug */ = {
			isa = XCBuildConfiguration;
			buildSettings = {
				ALWAYS_SEARCH_USER_PATHS = NO;
				ASSETCATALOG_COMPILER_GENERATE_SWIFT_ASSET_SYMBOL_EXTENSIONS = YES;
				CLANG_ANALYZER_NONNULL = YES;
				CLANG_ANALYZER_NUMBER_OBJECT_CONVERSION = YES_AGGRESSIVE;
				CLANG_CXX_LANGUAGE_STANDARD = "gnu++20";
				CLANG_ENABLE_MODULES = YES;
				CLANG_ENABLE_OBJC_ARC = YES;
				CLANG_ENABLE_OBJC_WEAK = YES;
				CLANG_WARN_BLOCK_CAPTURE_AUTORELEASING = YES;
				CLANG_WARN_BOOL_CONVERSION = YES;
				CLANG_WARN_COMMA = YES;
				CLANG_WARN_CONSTANT_CONVERSION = YES;
				CLANG_WARN_DEPRECATED_OBJC_IMPLEMENTATIONS = YES;
				CLANG_WARN_DIRECT_OBJC_ISA_USAGE = YES_ERROR;
				CLANG_WARN_DOCUMENTATION_COMMENTS = YES;
				CLANG_WARN_EMPTY_BODY = YES;
				CLANG_WARN_ENUM_CONVERSION = YES;
				CLANG_WARN_INFINITE_RECURSION = YES;
				CLANG_WARN_INT_CONVERSION = YES;
				CLANG_WARN_NON_LITERAL_NULL_CONVERSION = YES;
				CLANG_WARN_OBJC_IMPLICIT_RETAIN_SELF = YES;
				CLANG_WARN_OBJC_LITERAL_CONVERSION = YES;
				CLANG_WARN_OBJC_ROOT_CLASS = YES_ERROR;
				CLANG_WARN_QUOTED_INCLUDE_IN_FRAMEWORK_HEADER = YES;
				CLANG_WARN_RANGE_LOOP_ANALYSIS = YES;
				CLANG_WARN_STRICT_PROTOTYPES = YES;
				CLANG_WARN_SUSPICIOUS_MOVE = YES;
				CLANG_WARN_UNGUARDED_AVAILABILITY = YES_AGGRESSIVE;
				CLANG_WARN_UNREACHABLE_CODE = YES;
				CLANG_WARN__DUPLICATE_METHOD_MATCH = YES;
				COPY_PHASE_STRIP = NO;
				DEBUG_INFORMATION_FORMAT = dwarf;
				ENABLE_STRICT_OBJC_MSGSEND = YES;
				ENABLE_TESTABILITY = YES;
				ENABLE_USER_SCRIPT_SANDBOXING = YES;
				GCC_C_LANGUAGE_STANDARD = gnu17;
				GCC_DYNAMIC_NO_PIC = NO;
				GCC_NO_COMMON_BLOCKS = YES;
				GCC_OPTIMIZATION_LEVEL = 0;
				GCC_PREPROCESSOR_DEFINITIONS = (
					"DEBUG=1",
					"$(inherited)",
				);
				GCC_WARN_64_TO_32_BIT_CONVERSION = YES;
				GCC_WARN_ABOUT_RETURN_TYPE = YES_ERROR;
				GCC_WARN_UNDECLARED_SELECTOR = YES;
				GCC_WARN_UNINITIALIZED_AUTOS = YES_AGGRESSIVE;
				GCC_WARN_UNUSED_FUNCTION = YES;
				GCC_WARN_UNUSED_VARIABLE = YES;
				LOCALIZATION_PREFERS_STRING_CATALOGS = YES;
				MTL_ENABLE_DEBUG_INFO = INCLUDE_SOURCE;
				MTL_FAST_MATH = YES;
				ONLY_ACTIVE_ARCH = YES;
				SWIFT_ACTIVE_COMPILATION_CONDITIONS = "DEBUG $(inherited)";
				SWIFT_OPTIMIZATION_LEVEL = "-Onone";
			};
			name = Debug;
		};
		B67AA2A22CEEE3D4007ED5A7 /* Release */ = {
			isa = XCBuildConfiguration;
			buildSettings = {
				ALWAYS_SEARCH_USER_PATHS = NO;
				ASSETCATALOG_COMPILER_GENERATE_SWIFT_ASSET_SYMBOL_EXTENSIONS = YES;
				CLANG_ANALYZER_NONNULL = YES;
				CLANG_ANALYZER_NUMBER_OBJECT_CONVERSION = YES_AGGRESSIVE;
				CLANG_CXX_LANGUAGE_STANDARD = "gnu++20";
				CLANG_ENABLE_MODULES = YES;
				CLANG_ENABLE_OBJC_ARC = YES;
				CLANG_ENABLE_OBJC_WEAK = YES;
				CLANG_WARN_BLOCK_CAPTURE_AUTORELEASING = YES;
				CLANG_WARN_BOOL_CONVERSION = YES;
				CLANG_WARN_COMMA = YES;
				CLANG_WARN_CONSTANT_CONVERSION = YES;
				CLANG_WARN_DEPRECATED_OBJC_IMPLEMENTATIONS = YES;
				CLANG_WARN_DIRECT_OBJC_ISA_USAGE = YES_ERROR;
				CLANG_WARN_DOCUMENTATION_COMMENTS = YES;
				CLANG_WARN_EMPTY_BODY = YES;
				CLANG_WARN_ENUM_CONVERSION = YES;
				CLANG_WARN_INFINITE_RECURSION = YES;
				CLANG_WARN_INT_CONVERSION = YES;
				CLANG_WARN_NON_LITERAL_NULL_CONVERSION = YES;
				CLANG_WARN_OBJC_IMPLICIT_RETAIN_SELF = YES;
				CLANG_WARN_OBJC_LITERAL_CONVERSION = YES;
				CLANG_WARN_OBJC_ROOT_CLASS = YES_ERROR;
				CLANG_WARN_QUOTED_INCLUDE_IN_FRAMEWORK_HEADER = YES;
				CLANG_WARN_RANGE_LOOP_ANALYSIS = YES;
				CLANG_WARN_STRICT_PROTOTYPES = YES;
				CLANG_WARN_SUSPICIOUS_MOVE = YES;
				CLANG_WARN_UNGUARDED_AVAILABILITY = YES_AGGRESSIVE;
				CLANG_WARN_UNREACHABLE_CODE = YES;
				CLANG_WARN__DUPLICATE_METHOD_MATCH = YES;
				COPY_PHASE_STRIP = NO;
				DEBUG_INFORMATION_FORMAT = "dwarf-with-dsym";
				ENABLE_NS_ASSERTIONS = NO;
				ENABLE_STRICT_OBJC_MSGSEND = YES;
				ENABLE_USER_SCRIPT_SANDBOXING = YES;
				GCC_C_LANGUAGE_STANDARD = gnu17;
				GCC_NO_COMMON_BLOCKS = YES;
				GCC_WARN_64_TO_32_BIT_CONVERSION = YES;
				GCC_WARN_ABOUT_RETURN_TYPE = YES_ERROR;
				GCC_WARN_UNDECLARED_SELECTOR = YES;
				GCC_WARN_UNINITIALIZED_AUTOS = YES_AGGRESSIVE;
				GCC_WARN_UNUSED_FUNCTION = YES;
				GCC_WARN_UNUSED_VARIABLE = YES;
				LOCALIZATION_PREFERS_STRING_CATALOGS = YES;
				MTL_ENABLE_DEBUG_INFO = NO;
				MTL_FAST_MATH = YES;
				SWIFT_COMPILATION_MODE = wholemodule;
			};
			name = Release;
		};
		B67AA2A42CEEE3D4007ED5A7 /* Debug */ = {
			isa = XCBuildConfiguration;
			buildSettings = {
				ASSETCATALOG_COMPILER_APPICON_NAME = AppIcon;
				ASSETCATALOG_COMPILER_GLOBAL_ACCENT_COLOR_NAME = AccentColor;
				CODE_SIGN_ENTITLEMENTS = Cubstart_Project/Cubstart_Project.entitlements;
				CODE_SIGN_STYLE = Automatic;
				CURRENT_PROJECT_VERSION = 1;
				DEVELOPMENT_ASSET_PATHS = "\"Cubstart_Project/Preview Content\"";
				ENABLE_PREVIEWS = YES;
				GENERATE_INFOPLIST_FILE = YES;
				"INFOPLIST_KEY_UIApplicationSceneManifest_Generation[sdk=iphoneos*]" = YES;
				"INFOPLIST_KEY_UIApplicationSceneManifest_Generation[sdk=iphonesimulator*]" = YES;
				"INFOPLIST_KEY_UIApplicationSupportsIndirectInputEvents[sdk=iphoneos*]" = YES;
				"INFOPLIST_KEY_UIApplicationSupportsIndirectInputEvents[sdk=iphonesimulator*]" = YES;
				"INFOPLIST_KEY_UILaunchScreen_Generation[sdk=iphoneos*]" = YES;
				"INFOPLIST_KEY_UILaunchScreen_Generation[sdk=iphonesimulator*]" = YES;
				"INFOPLIST_KEY_UIStatusBarStyle[sdk=iphoneos*]" = UIStatusBarStyleDefault;
				"INFOPLIST_KEY_UIStatusBarStyle[sdk=iphonesimulator*]" = UIStatusBarStyleDefault;
				INFOPLIST_KEY_UISupportedInterfaceOrientations_iPad = "UIInterfaceOrientationPortrait UIInterfaceOrientationPortraitUpsideDown UIInterfaceOrientationLandscapeLeft UIInterfaceOrientationLandscapeRight";
				INFOPLIST_KEY_UISupportedInterfaceOrientations_iPhone = "UIInterfaceOrientationPortrait UIInterfaceOrientationLandscapeLeft UIInterfaceOrientationLandscapeRight";
				IPHONEOS_DEPLOYMENT_TARGET = 18.1;
				LD_RUNPATH_SEARCH_PATHS = "@executable_path/Frameworks";
				"LD_RUNPATH_SEARCH_PATHS[sdk=macosx*]" = "@executable_path/../Frameworks";
				MACOSX_DEPLOYMENT_TARGET = 15.1;
				MARKETING_VERSION = 1.0;
				PRODUCT_BUNDLE_IDENTIFIER = "gch.Cubstart-Project";
				PRODUCT_NAME = "$(TARGET_NAME)";
				SDKROOT = auto;
				SUPPORTED_PLATFORMS = "iphoneos iphonesimulator macosx xros xrsimulator";
				SWIFT_EMIT_LOC_STRINGS = YES;
				SWIFT_VERSION = 5.0;
				TARGETED_DEVICE_FAMILY = "1,2,7";
				XROS_DEPLOYMENT_TARGET = 2.1;
			};
			name = Debug;
		};
		B67AA2A52CEEE3D4007ED5A7 /* Release */ = {
			isa = XCBuildConfiguration;
			buildSettings = {
				ASSETCATALOG_COMPILER_APPICON_NAME = AppIcon;
				ASSETCATALOG_COMPILER_GLOBAL_ACCENT_COLOR_NAME = AccentColor;
				CODE_SIGN_ENTITLEMENTS = Cubstart_Project/Cubstart_Project.entitlements;
				CODE_SIGN_STYLE = Automatic;
				CURRENT_PROJECT_VERSION = 1;
				DEVELOPMENT_ASSET_PATHS = "\"Cubstart_Project/Preview Content\"";
				ENABLE_PREVIEWS = YES;
				GENERATE_INFOPLIST_FILE = YES;
				"INFOPLIST_KEY_UIApplicationSceneManifest_Generation[sdk=iphoneos*]" = YES;
				"INFOPLIST_KEY_UIApplicationSceneManifest_Generation[sdk=iphonesimulator*]" = YES;
				"INFOPLIST_KEY_UIApplicationSupportsIndirectInputEvents[sdk=iphoneos*]" = YES;
				"INFOPLIST_KEY_UIApplicationSupportsIndirectInputEvents[sdk=iphonesimulator*]" = YES;
				"INFOPLIST_KEY_UILaunchScreen_Generation[sdk=iphoneos*]" = YES;
				"INFOPLIST_KEY_UILaunchScreen_Generation[sdk=iphonesimulator*]" = YES;
				"INFOPLIST_KEY_UIStatusBarStyle[sdk=iphoneos*]" = UIStatusBarStyleDefault;
				"INFOPLIST_KEY_UIStatusBarStyle[sdk=iphonesimulator*]" = UIStatusBarStyleDefault;
				INFOPLIST_KEY_UISupportedInterfaceOrientations_iPad = "UIInterfaceOrientationPortrait UIInterfaceOrientationPortraitUpsideDown UIInterfaceOrientationLandscapeLeft UIInterfaceOrientationLandscapeRight";
				INFOPLIST_KEY_UISupportedInterfaceOrientations_iPhone = "UIInterfaceOrientationPortrait UIInterfaceOrientationLandscapeLeft UIInterfaceOrientationLandscapeRight";
				IPHONEOS_DEPLOYMENT_TARGET = 18.1;
				LD_RUNPATH_SEARCH_PATHS = "@executable_path/Frameworks";
				"LD_RUNPATH_SEARCH_PATHS[sdk=macosx*]" = "@executable_path/../Frameworks";
				MACOSX_DEPLOYMENT_TARGET = 15.1;
				MARKETING_VERSION = 1.0;
				PRODUCT_BUNDLE_IDENTIFIER = "gch.Cubstart-Project";
				PRODUCT_NAME = "$(TARGET_NAME)";
				SDKROOT = auto;
				SUPPORTED_PLATFORMS = "iphoneos iphonesimulator macosx xros xrsimulator";
				SWIFT_EMIT_LOC_STRINGS = YES;
				SWIFT_VERSION = 5.0;
				TARGETED_DEVICE_FAMILY = "1,2,7";
				XROS_DEPLOYMENT_TARGET = 2.1;
			};
			name = Release;
		};
		B67AA2A72CEEE3D4007ED5A7 /* Debug */ = {
			isa = XCBuildConfiguration;
			buildSettings = {
				BUNDLE_LOADER = "$(TEST_HOST)";
				CODE_SIGN_STYLE = Automatic;
				CURRENT_PROJECT_VERSION = 1;
				GENERATE_INFOPLIST_FILE = YES;
				IPHONEOS_DEPLOYMENT_TARGET = 18.1;
				MACOSX_DEPLOYMENT_TARGET = 15.1;
				MARKETING_VERSION = 1.0;
				PRODUCT_BUNDLE_IDENTIFIER = "gch.Cubstart-ProjectTests";
				PRODUCT_NAME = "$(TARGET_NAME)";
				SDKROOT = auto;
				SUPPORTED_PLATFORMS = "iphoneos iphonesimulator macosx xros xrsimulator";
				SWIFT_EMIT_LOC_STRINGS = NO;
				SWIFT_VERSION = 5.0;
				TARGETED_DEVICE_FAMILY = "1,2,7";
				TEST_HOST = "$(BUILT_PRODUCTS_DIR)/Cubstart_Project.app/$(BUNDLE_EXECUTABLE_FOLDER_PATH)/Cubstart_Project";
				XROS_DEPLOYMENT_TARGET = 2.1;
			};
			name = Debug;
		};
		B67AA2A82CEEE3D4007ED5A7 /* Release */ = {
			isa = XCBuildConfiguration;
			buildSettings = {
				BUNDLE_LOADER = "$(TEST_HOST)";
				CODE_SIGN_STYLE = Automatic;
				CURRENT_PROJECT_VERSION = 1;
				GENERATE_INFOPLIST_FILE = YES;
				IPHONEOS_DEPLOYMENT_TARGET = 18.1;
				MACOSX_DEPLOYMENT_TARGET = 15.1;
				MARKETING_VERSION = 1.0;
				PRODUCT_BUNDLE_IDENTIFIER = "gch.Cubstart-ProjectTests";
				PRODUCT_NAME = "$(TARGET_NAME)";
				SDKROOT = auto;
				SUPPORTED_PLATFORMS = "iphoneos iphonesimulator macosx xros xrsimulator";
				SWIFT_EMIT_LOC_STRINGS = NO;
				SWIFT_VERSION = 5.0;
				TARGETED_DEVICE_FAMILY = "1,2,7";
				TEST_HOST = "$(BUILT_PRODUCTS_DIR)/Cubstart_Project.app/$(BUNDLE_EXECUTABLE_FOLDER_PATH)/Cubstart_Project";
				XROS_DEPLOYMENT_TARGET = 2.1;
			};
			name = Release;
		};
		B67AA2AA2CEEE3D4007ED5A7 /* Debug */ = {
			isa = XCBuildConfiguration;
			buildSettings = {
				CODE_SIGN_STYLE = Automatic;
				CURRENT_PROJECT_VERSION = 1;
				GENERATE_INFOPLIST_FILE = YES;
				IPHONEOS_DEPLOYMENT_TARGET = 18.1;
				MACOSX_DEPLOYMENT_TARGET = 15.1;
				MARKETING_VERSION = 1.0;
				PRODUCT_BUNDLE_IDENTIFIER = "gch.Cubstart-ProjectUITests";
				PRODUCT_NAME = "$(TARGET_NAME)";
				SDKROOT = auto;
				SUPPORTED_PLATFORMS = "iphoneos iphonesimulator macosx xros xrsimulator";
				SWIFT_EMIT_LOC_STRINGS = NO;
				SWIFT_VERSION = 5.0;
				TARGETED_DEVICE_FAMILY = "1,2,7";
				TEST_TARGET_NAME = Cubstart_Project;
				XROS_DEPLOYMENT_TARGET = 2.1;
			};
			name = Debug;
		};
		B67AA2AB2CEEE3D4007ED5A7 /* Release */ = {
			isa = XCBuildConfiguration;
			buildSettings = {
				CODE_SIGN_STYLE = Automatic;
				CURRENT_PROJECT_VERSION = 1;
				GENERATE_INFOPLIST_FILE = YES;
				IPHONEOS_DEPLOYMENT_TARGET = 18.1;
				MACOSX_DEPLOYMENT_TARGET = 15.1;
				MARKETING_VERSION = 1.0;
				PRODUCT_BUNDLE_IDENTIFIER = "gch.Cubstart-ProjectUITests";
				PRODUCT_NAME = "$(TARGET_NAME)";
				SDKROOT = auto;
				SUPPORTED_PLATFORMS = "iphoneos iphonesimulator macosx xros xrsimulator";
				SWIFT_EMIT_LOC_STRINGS = NO;
				SWIFT_VERSION = 5.0;
				TARGETED_DEVICE_FAMILY = "1,2,7";
				TEST_TARGET_NAME = Cubstart_Project;
				XROS_DEPLOYMENT_TARGET = 2.1;
			};
			name = Release;
		};
/* End XCBuildConfiguration section */

/* Begin XCConfigurationList section */
		B67AA2792CEEE3D2007ED5A7 /* Build configuration list for PBXProject "Cubstart_Project" */ = {
			isa = XCConfigurationList;
			buildConfigurations = (
				B67AA2A12CEEE3D4007ED5A7 /* Debug */,
				B67AA2A22CEEE3D4007ED5A7 /* Release */,
			);
			defaultConfigurationIsVisible = 0;
			defaultConfigurationName = Release;
		};
		B67AA2A32CEEE3D4007ED5A7 /* Build configuration list for PBXNativeTarget "Cubstart_Project" */ = {
			isa = XCConfigurationList;
			buildConfigurations = (
				B67AA2A42CEEE3D4007ED5A7 /* Debug */,
				B67AA2A52CEEE3D4007ED5A7 /* Release */,
			);
			defaultConfigurationIsVisible = 0;
			defaultConfigurationName = Release;
		};
		B67AA2A62CEEE3D4007ED5A7 /* Build configuration list for PBXNativeTarget "Cubstart_ProjectTests" */ = {
			isa = XCConfigurationList;
			buildConfigurations = (
				B67AA2A72CEEE3D4007ED5A7 /* Debug */,
				B67AA2A82CEEE3D4007ED5A7 /* Release */,
			);
			defaultConfigurationIsVisible = 0;
			defaultConfigurationName = Release;
		};
		B67AA2A92CEEE3D4007ED5A7 /* Build configuration list for PBXNativeTarget "Cubstart_ProjectUITests" */ = {
			isa = XCConfigurationList;
			buildConfigurations = (
				B67AA2AA2CEEE3D4007ED5A7 /* Debug */,
				B67AA2AB2CEEE3D4007ED5A7 /* Release */,
			);
			defaultConfigurationIsVisible = 0;
			defaultConfigurationName = Release;
		};
/* End XCConfigurationList section */
	};
	rootObject = B67AA2762CEEE3D2007ED5A7 /* Project object */;
}
